
Microsoft Visual Studio Solution File, Format Version 12.00
# Visual Studio 15
VisualStudioVersion = 15.0.28307.757
MinimumVisualStudioVersion = 10.0.40219.1
Project("{FAE04EC0-301F-11D3-BF4B-00C04F79EFBC}") = "StudentDetails", "StudentDetails\StudentDetails.csproj", "{A756AE4B-5A99-43E0-A492-F62E0EFCA020}"
EndProject
Project("{FAE04EC0-301F-11D3-BF4B-00C04F79EFBC}") = "StudentDetailsBusiness", "StudentDetailsBusiness\StudentDetailsBusiness.csproj", "{89B24784-A024-4B54-A6A4-388A085D9814}"
EndProject
Global
	GlobalSection(SolutionConfigurationPlatforms) = preSolution
		Debug|Any CPU = Debug|Any CPU
		Release|Any CPU = Release|Any CPU
	EndGlobalSection
	GlobalSection(ProjectConfigurationPlatforms) = postSolution
		{A756AE4B-5A99-43E0-A492-F62E0EFCA020}.Debug|Any CPU.ActiveCfg = Debug|Any CPU
		{A756AE4B-5A99-43E0-A492-F62E0EFCA020}.Debug|Any CPU.Build.0 = Debug|Any CPU
		{A756AE4B-5A99-43E0-A492-F62E0EFCA020}.Release|Any CPU.ActiveCfg = Release|Any CPU
		{A756AE4B-5A99-43E0-A492-F62E0EFCA020}.Release|Any CPU.Build.0 = Release|Any CPU
		{89B24784-A024-4B54-A6A4-388A085D9814}.Debug|Any CPU.ActiveCfg = Debug|Any CPU
		{89B24784-A024-4B54-A6A4-388A085D9814}.Debug|Any CPU.Build.0 = Debug|Any CPU
		{89B24784-A024-4B54-A6A4-388A085D9814}.Release|Any CPU.ActiveCfg = Release|Any CPU
		{89B24784-A024-4B54-A6A4-388A085D9814}.Release|Any CPU.Build.0 = Release|Any CPU
	EndGlobalSection
	GlobalSection(SolutionProperties) = preSolution
		HideSolutionNode = FALSE
	EndGlobalSection
	GlobalSection(ExtensibilityGlobals) = postSolution
		SolutionGuid = {BCD69D5D-F1B3-4EE8-8C5D-4E9FA2856248}
	EndGlobalSection
EndGlobal
